<?xml version="1.0" encoding="utf-8"?>
<Project ToolsVersion="4.0" xmlns="http://schemas.microsoft.com/developer/msbuild/2003">
  <ItemGroup>
    <Filter Include="Source Files">
      <UniqueIdentifier>{4FC737F1-C7A5-4376-A066-2A32D752A2FF}</UniqueIdentifier>
      <Extensions>cpp;c;cc;cxx;def;odl;idl;hpj;bat;asm;asmx</Extensions>
    </Filter>
    <Filter Include="Header Files">
      <UniqueIdentifier>{93995380-89BD-4b04-88EB-625FBE52EBFB}</UniqueIdentifier>
      <Extensions>h;hh;hpp;hxx;hm;inl;inc;ipp;xsd</Extensions>
    </Filter>
    <Filter Include="Resource Files">
      <UniqueIdentifier>{67DA6AB6-F800-4c08-8B7A-83BB121AAD01}</UniqueIdentifier>
      <Extensions>rc;ico;cur;bmp;dlg;rc2;rct;bin;rgs;gif;jpg;jpeg;jpe;resx;tiff;tif;png;wav;mfcribbon-ms</Extensions>
    </Filter>
  </ItemGroup>
  <ItemGroup>
    <ClCompile Include="ClassArcher.cpp">
      <Filter>Source Files</Filter>
    </ClCompile>
    <ClCompile Include="ClassEarth.cpp">
      <Filter>Source Files</Filter>
    </ClCompile>
    <ClCompile Include="ClassEarthHorseman.cpp">
      <Filter>Source Files</Filter>
    </ClCompile>
    <ClCompile Include="ClassFire.cpp">
      <Filter>Source Files</Filter>
    </ClCompile>
    <ClCompile Include="ClassGame.cpp">
      <Filter>Source Files</Filter>
    </ClCompile>
    <ClCompile Include="ClassHero.cpp">
      <Filter>Source Files</Filter>
    </ClCompile>
    <ClCompile Include="ClassHorseman.cpp">
      <Filter>Source Files</Filter>
    </ClCompile>
    <ClCompile Include="ClassMetal.cpp">
      <Filter>Source Files</Filter>
    </ClCompile>
    <ClCompile Include="ClassWater.cpp">
      <Filter>Source Files</Filter>
    </ClCompile>
    <ClCompile Include="ClassWitch.cpp">
      <Filter>Source Files</Filter>
    </ClCompile>
    <ClCompile Include="ClassWood.cpp">
      <Filter>Source Files</Filter>
    </ClCompile>
    <ClCompile Include="main.cpp">
      <Filter>Source Files</Filter>
    </ClCompile>
    <ClCompile Include="ClassEarthWitch.cpp">
      <Filter>Source Files</Filter>
    </ClCompile>
    <ClCompile Include="ClassFireWitch.cpp">
      <Filter>Source Files</Filter>
    </ClCompile>
    <ClCompile Include="ClassFireArcher.cpp">
      <Filter>Source Files</Filter>
    </ClCompile>
    <ClCompile Include="ClassMetalHorseman.cpp">
      <Filter>Source Files</Filter>
    </ClCompile>
    <ClCompile Include="ClassMetalArcher.cpp">
      <Filter>Source Files</Filter>
    </ClCompile>
  </ItemGroup>
  <ItemGroup>
    <ClInclude Include="ClassArcher.h">
      <Filter>Header Files</Filter>
    </ClInclude>
    <ClInclude Include="ClassEarth.h">
      <Filter>Header Files</Filter>
    </ClInclude>
    <ClInclude Include="ClassEarthHorseman.h">
      <Filter>Header Files</Filter>
    </ClInclude>
    <ClInclude Include="ClassFire.h">
      <Filter>Header Files</Filter>
    </ClInclude>
    <ClInclude Include="ClassGame.h">
      <Filter>Header Files</Filter>
    </ClInclude>
    <ClInclude Include="ClassHero.h">
      <Filter>Header Files</Filter>
    </ClInclude>
    <ClInclude Include="ClassHorseman.h">
      <Filter>Header Files</Filter>
    </ClInclude>
    <ClInclude Include="ClassMetal.h">
      <Filter>Header Files</Filter>
    </ClInclude>
    <ClInclude Include="ClassWater.h">
      <Filter>Header Files</Filter>
    </ClInclude>
    <ClInclude Include="ClassWitch.h">
      <Filter>Header Files</Filter>
    </ClInclude>
    <ClInclude Include="ClassWood.h">
      <Filter>Header Files</Filter>
    </ClInclude>
    <ClInclude Include="ClassEarthWitch.h">
      <Filter>Header Files</Filter>
    </ClInclude>
    <ClInclude Include="ClassFireWitch.h">
      <Filter>Header Files</Filter>
    </ClInclude>
    <ClInclude Include="ClassFireArcher.h">
      <Filter>Header Files</Filter>
    </ClInclude>
    <ClInclude Include="ClassMetalHorseman.h">
      <Filter>Header Files</Filter>
    </ClInclude>
    <ClInclude Include="ClassMetalArcher.h">
      <Filter>Header Files</Filter>
    </ClInclude>
  </ItemGroup>
</Project>